
Microsoft Visual Studio Solution File, Format Version 12.00
# Visual Studio Version 17
VisualStudioVersion = 17.14.36705.20 d17.14
MinimumVisualStudioVersion = 10.0.40219.1
Project("{2150E333-8FDC-42A3-9474-1A3956D46DE8}") = "1 - APIs", "1 - APIs", "{02EA681E-C7D8-13C7-8484-4AC65E1B71E8}"
EndProject
Project("{FAE04EC0-301F-11D3-BF4B-00C04F79EFBC}") = "Pagamentos.Emitter", "1 - APIs\Pagamentos.Emitter\Pagamentos.Emitter.csproj", "{DEE227CA-D25E-4F25-873F-ADD8A19605C7}"
EndProject
Project("{FAE04EC0-301F-11D3-BF4B-00C04F79EFBC}") = "Pagamentos.Consumer", "Pagamentos.Consumer\Pagamentos.Consumer.csproj", "{76AD7C34-96AC-4885-876C-02E42507EFF6}"
EndProject
Project("{2150E333-8FDC-42A3-9474-1A3956D46DE8}") = "2 - Services", "2 - Services", "{918D0254-D6AA-49F8-8F4C-FA6D599F7A13}"
EndProject
Project("{FAE04EC0-301F-11D3-BF4B-00C04F79EFBC}") = "Pagamentos.Service", "2 - Services\Pagamentos.Services\Pagamentos.Service.csproj", "{9669DEDC-BCAA-45FC-B793-B97CAFEA7346}"
EndProject
Project("{2150E333-8FDC-42A3-9474-1A3956D46DE8}") = "3 - Communication", "3 - Communication", "{012AF0ED-4307-40C3-BE84-D969DDCE5C6A}"
EndProject
Project("{FAE04EC0-301F-11D3-BF4B-00C04F79EFBC}") = "Pagamentos.Communication", "3 - Communication\Pagamentos.Communication\Pagamentos.Communication.csproj", "{4A06128C-7CB0-4F6D-ABE8-29326A9B3AA3}"
EndProject
Project("{2150E333-8FDC-42A3-9474-1A3956D46DE8}") = "4 - Domain", "4 - Domain", "{5340EFC2-73DC-467A-8A5E-736144396FF8}"
EndProject
Project("{FAE04EC0-301F-11D3-BF4B-00C04F79EFBC}") = "Pagamentos.Domain", "4 - Domain\Pagamentos.Domain\Pagamentos.Domain.csproj", "{43E19FDB-C475-4F17-9D65-650A763B3F53}"
EndProject
Project("{2150E333-8FDC-42A3-9474-1A3956D46DE8}") = "5 - Infrastructure", "5 - Infrastructure", "{8609E3A7-6158-42BB-99B2-CA876F743F97}"
EndProject
Project("{FAE04EC0-301F-11D3-BF4B-00C04F79EFBC}") = "Pagamentos.Infrastructure", "5 - Infrastructure\Pagamentos.Infrastructure\Pagamentos.Infrastructure.csproj", "{ABFFAD01-5C45-4BF0-BEF0-DAE7F2585151}"
EndProject
Project("{2150E333-8FDC-42A3-9474-1A3956D46DE8}") = "9 - Shared", "9 - Shared", "{4B9220AC-69EF-4471-9A9E-97BFB9A1D4CD}"
	ProjectSection(SolutionItems) = preProject
		9 - Shared\docker-compose.yml = 9 - Shared\docker-compose.yml
	EndProjectSection
EndProject
Global
	GlobalSection(SolutionConfigurationPlatforms) = preSolution
		Debug|Any CPU = Debug|Any CPU
		Release|Any CPU = Release|Any CPU
	EndGlobalSection
	GlobalSection(ProjectConfigurationPlatforms) = postSolution
		{DEE227CA-D25E-4F25-873F-ADD8A19605C7}.Debug|Any CPU.ActiveCfg = Debug|Any CPU
		{DEE227CA-D25E-4F25-873F-ADD8A19605C7}.Debug|Any CPU.Build.0 = Debug|Any CPU
		{DEE227CA-D25E-4F25-873F-ADD8A19605C7}.Release|Any CPU.ActiveCfg = Release|Any CPU
		{DEE227CA-D25E-4F25-873F-ADD8A19605C7}.Release|Any CPU.Build.0 = Release|Any CPU
		{76AD7C34-96AC-4885-876C-02E42507EFF6}.Debug|Any CPU.ActiveCfg = Debug|Any CPU
		{76AD7C34-96AC-4885-876C-02E42507EFF6}.Debug|Any CPU.Build.0 = Debug|Any CPU
		{76AD7C34-96AC-4885-876C-02E42507EFF6}.Release|Any CPU.ActiveCfg = Release|Any CPU
		{76AD7C34-96AC-4885-876C-02E42507EFF6}.Release|Any CPU.Build.0 = Release|Any CPU
		{9669DEDC-BCAA-45FC-B793-B97CAFEA7346}.Debug|Any CPU.ActiveCfg = Debug|Any CPU
		{9669DEDC-BCAA-45FC-B793-B97CAFEA7346}.Debug|Any CPU.Build.0 = Debug|Any CPU
		{9669DEDC-BCAA-45FC-B793-B97CAFEA7346}.Release|Any CPU.ActiveCfg = Release|Any CPU
		{9669DEDC-BCAA-45FC-B793-B97CAFEA7346}.Release|Any CPU.Build.0 = Release|Any CPU
		{4A06128C-7CB0-4F6D-ABE8-29326A9B3AA3}.Debug|Any CPU.ActiveCfg = Debug|Any CPU
		{4A06128C-7CB0-4F6D-ABE8-29326A9B3AA3}.Debug|Any CPU.Build.0 = Debug|Any CPU
		{4A06128C-7CB0-4F6D-ABE8-29326A9B3AA3}.Release|Any CPU.ActiveCfg = Release|Any CPU
		{4A06128C-7CB0-4F6D-ABE8-29326A9B3AA3}.Release|Any CPU.Build.0 = Release|Any CPU
		{43E19FDB-C475-4F17-9D65-650A763B3F53}.Debug|Any CPU.ActiveCfg = Debug|Any CPU
		{43E19FDB-C475-4F17-9D65-650A763B3F53}.Debug|Any CPU.Build.0 = Debug|Any CPU
		{43E19FDB-C475-4F17-9D65-650A763B3F53}.Release|Any CPU.ActiveCfg = Release|Any CPU
		{43E19FDB-C475-4F17-9D65-650A763B3F53}.Release|Any CPU.Build.0 = Release|Any CPU
		{ABFFAD01-5C45-4BF0-BEF0-DAE7F2585151}.Debug|Any CPU.ActiveCfg = Debug|Any CPU
		{ABFFAD01-5C45-4BF0-BEF0-DAE7F2585151}.Debug|Any CPU.Build.0 = Debug|Any CPU
		{ABFFAD01-5C45-4BF0-BEF0-DAE7F2585151}.Release|Any CPU.ActiveCfg = Release|Any CPU
		{ABFFAD01-5C45-4BF0-BEF0-DAE7F2585151}.Release|Any CPU.Build.0 = Release|Any CPU
	EndGlobalSection
	GlobalSection(SolutionProperties) = preSolution
		HideSolutionNode = FALSE
	EndGlobalSection
	GlobalSection(NestedProjects) = preSolution
		{DEE227CA-D25E-4F25-873F-ADD8A19605C7} = {02EA681E-C7D8-13C7-8484-4AC65E1B71E8}
		{76AD7C34-96AC-4885-876C-02E42507EFF6} = {02EA681E-C7D8-13C7-8484-4AC65E1B71E8}
		{9669DEDC-BCAA-45FC-B793-B97CAFEA7346} = {918D0254-D6AA-49F8-8F4C-FA6D599F7A13}
		{4A06128C-7CB0-4F6D-ABE8-29326A9B3AA3} = {012AF0ED-4307-40C3-BE84-D969DDCE5C6A}
		{43E19FDB-C475-4F17-9D65-650A763B3F53} = {5340EFC2-73DC-467A-8A5E-736144396FF8}
		{ABFFAD01-5C45-4BF0-BEF0-DAE7F2585151} = {8609E3A7-6158-42BB-99B2-CA876F743F97}
	EndGlobalSection
	GlobalSection(ExtensibilityGlobals) = postSolution
		SolutionGuid = {3C72E728-9F4A-4322-A76D-1D78ACE554F6}
	EndGlobalSection
EndGlobal
